
Microsoft Visual Studio Solution File, Format Version 12.00
# Visual Studio Version 17
VisualStudioVersion = 17.8.34330.188
MinimumVisualStudioVersion = 10.0.40219.1
Project("{FAE04EC0-301F-11D3-BF4B-00C04F79EFBC}") = "API for managing the list of university courses", "API for managing the list of university courses\API for managing the list of university courses.csproj", "{505CE7B4-F70D-4751-BEB3-EAC8C671C77A}"
EndProject
Global
	GlobalSection(SolutionConfigurationPlatforms) = preSolution
		Debug|Any CPU = Debug|Any CPU
		Release|Any CPU = Release|Any CPU
	EndGlobalSection
	GlobalSection(ProjectConfigurationPlatforms) = postSolution
		{505CE7B4-F70D-4751-BEB3-EAC8C671C77A}.Debug|Any CPU.ActiveCfg = Debug|Any CPU
		{505CE7B4-F70D-4751-BEB3-EAC8C671C77A}.Debug|Any CPU.Build.0 = Debug|Any CPU
		{505CE7B4-F70D-4751-BEB3-EAC8C671C77A}.Release|Any CPU.ActiveCfg = Release|Any CPU
		{505CE7B4-F70D-4751-BEB3-EAC8C671C77A}.Release|Any CPU.Build.0 = Release|Any CPU
	EndGlobalSection
	GlobalSection(SolutionProperties) = preSolution
		HideSolutionNode = FALSE
	EndGlobalSection
	GlobalSection(ExtensibilityGlobals) = postSolution
		SolutionGuid = {89C3E3D1-C4BD-431E-9FC1-64762AA5975F}
	EndGlobalSection
EndGlobal
